
Microsoft Visual Studio Solution File, Format Version 12.00
# Visual Studio Version 16
VisualStudioVersion = 16.0.31729.503
MinimumVisualStudioVersion = 10.0.40219.1
Project("{FAE04EC0-301F-11D3-BF4B-00C04F79EFBC}") = "NIXMachula2", "NIXMachula2\NIXMachula2.csproj", "{C57BAE7A-07B9-4FD9-B668-DB504EAB508F}"
EndProject
Global
	GlobalSection(SolutionConfigurationPlatforms) = preSolution
		Debug|Any CPU = Debug|Any CPU
		Release|Any CPU = Release|Any CPU
	EndGlobalSection
	GlobalSection(ProjectConfigurationPlatforms) = postSolution
		{C57BAE7A-07B9-4FD9-B668-DB504EAB508F}.Debug|Any CPU.ActiveCfg = Debug|Any CPU
		{C57BAE7A-07B9-4FD9-B668-DB504EAB508F}.Debug|Any CPU.Build.0 = Debug|Any CPU
		{C57BAE7A-07B9-4FD9-B668-DB504EAB508F}.Release|Any CPU.ActiveCfg = Release|Any CPU
		{C57BAE7A-07B9-4FD9-B668-DB504EAB508F}.Release|Any CPU.Build.0 = Release|Any CPU
	EndGlobalSection
	GlobalSection(SolutionProperties) = preSolution
		HideSolutionNode = FALSE
	EndGlobalSection
	GlobalSection(ExtensibilityGlobals) = postSolution
		SolutionGuid = {1C56DF37-EF49-49C8-A423-CAA173EA4E80}
	EndGlobalSection
EndGlobal
